
Microsoft Visual Studio Solution File, Format Version 12.00
# Visual Studio 15
VisualStudioVersion = 15.0.28010.2048
MinimumVisualStudioVersion = 10.0.40219.1
Project("{FAE04EC0-301F-11D3-BF4B-00C04F79EFBC}") = "GDIPlus_1", "GDIPlus_1\GDIPlus_1.csproj", "{269F31EA-E2C6-4CFE-A793-F3084D87D3CD}"
EndProject
Global
	GlobalSection(SolutionConfigurationPlatforms) = preSolution
		Debug|Any CPU = Debug|Any CPU
		Release|Any CPU = Release|Any CPU
	EndGlobalSection
	GlobalSection(ProjectConfigurationPlatforms) = postSolution
		{269F31EA-E2C6-4CFE-A793-F3084D87D3CD}.Debug|Any CPU.ActiveCfg = Debug|Any CPU
		{269F31EA-E2C6-4CFE-A793-F3084D87D3CD}.Debug|Any CPU.Build.0 = Debug|Any CPU
		{269F31EA-E2C6-4CFE-A793-F3084D87D3CD}.Release|Any CPU.ActiveCfg = Release|Any CPU
		{269F31EA-E2C6-4CFE-A793-F3084D87D3CD}.Release|Any CPU.Build.0 = Release|Any CPU
	EndGlobalSection
	GlobalSection(SolutionProperties) = preSolution
		HideSolutionNode = FALSE
	EndGlobalSection
	GlobalSection(ExtensibilityGlobals) = postSolution
		SolutionGuid = {66EBA801-2581-43E7-AC57-A26D511853ED}
	EndGlobalSection
EndGlobal
